# This file is autogenerated, do not edit; changes may be undone by the next 'dep ensure'.


[[projects]]
  digest = "1:f02850a087818d0200334ff2a4c33a30750a8c45f7f2ddcc3d52bb20aa0e798b"
  name = "github.com/PuerkitoBio/goquery"
  packages = ["."]
  pruneopts = "UT"
  revision = "1b16b92ddf27ae338f7f162d5e4316b31bccdb8e"
  version = "v1.5.1"

[[projects]]
  digest = "1:24ffaa1636eba8f0cfc7671121d05a9a2040605adb1927a93be88fbc2ea6cfdb"
  name = "github.com/andybalholm/cascadia"
  packages = ["."]
  pruneopts = "UT"
  revision = "b69f6c92dfc187ebfe3914df716c2647a3af0ba0"
  version = "v1.1.0"

[[projects]]
  digest = "1:112b07cad4bd500e6e445cc0b9294ca310faa41199c19475c557daa2c7519549"
  name = "github.com/golang/protobuf"
  packages = ["proto"]
  pruneopts = "UT"
  revision = "1b794fe86dd6a0c7c52ae69b5c9cb0aeedc52afa"
  version = "v1.4.0"

[[projects]]
  digest = "1:6ea2d98ba8ae7c06a918970661b744be5d1a385c40917b9c317e9a4f2c36ac6f"
  name = "github.com/mitchellh/mapstructure"
  packages = ["."]
  pruneopts = "UT"
  revision = "694aaefbc689be1915c2ef39e880409057931a94"
  version = "v1.2.2"

[[projects]]
  digest = "1:b0142f883994390cee3fc0efbee8644c91796eb17d6af1bf8268a0961e6c0f3b"
  name = "github.com/mmcdole/gofeed"
  packages = [
    ".",
    "atom",
    "extensions",
    "internal/shared",
    "rss",
  ]
  pruneopts = "UT"
  revision = "42010a154d249f5f753dfe03a6390b59671e403e"
  version = "v1.0.0-beta2"

[[projects]]
  branch = "master"
  digest = "1:fb880b85ddcd119242ca65175135771539226ab4f004ddf76b6b1220da231ea2"
  name = "github.com/mmcdole/goxpp"
  packages = ["."]
  pruneopts = "UT"
  revision = "0068e33feabfc0086c7aeb58a9603f91c061c89f"

[[projects]]
  branch = "master"
  digest = "1:a72559cc0f6fb6063aa646a7c824f85a3da2caa6aba5ee4bd9df83ff637914e2"
  name = "github.com/turnage/graw"
  packages = ["reddit"]
  pruneopts = "UT"
  revision = "65715eea1cd0362b8e241cf50053175ca06508d2"

[[projects]]
  digest = "1:f66346cac061a09323cad5714f01de295810f4faf4969d18188612e0023f1dfc"
  name = "github.com/turnage/redditproto"
  packages = ["."]
  pruneopts = "UT"
  revision = "e5041bea89ff1f806a75e266af69f4fb82f1eff3"
  version = "2.1.0"

[[projects]]
  branch = "master"
  digest = "1:6d51c47988a37b754d9005f4f0835bbc1ebb874d6a77d70539b4d2cb0bd926bc"
  name = "golang.org/x/net"
  packages = [
    "context",
    "context/ctxhttp",
    "html",
    "html/atom",
    "html/charset",
  ]
  pruneopts = "UT"
  revision = "e086a090c8fdb9982880f0fb6e3db47af1856533"

[[projects]]
  branch = "master"
  digest = "1:f1d392a89dc9b0d4556b368faa99438ac2dd443fa4d8a6f1742acb3c41f78d1f"
  name = "golang.org/x/oauth2"
  packages = [
    ".",
    "clientcredentials",
    "internal",
  ]
  pruneopts = "UT"
  revision = "bf48bf16ab8d622ce64ec6ce98d2c98f916b6303"

[[projects]]
  digest = "1:8a0baffd5559acaa560f854d7d525c02f4fec2d4f8a214398556fb661a10f6e0"
  name = "golang.org/x/text"
  packages = [
    "encoding",
    "encoding/charmap",
    "encoding/htmlindex",
    "encoding/internal",
    "encoding/internal/identifier",
    "encoding/japanese",
    "encoding/korean",
    "encoding/simplifiedchinese",
    "encoding/traditionalchinese",
    "encoding/unicode",
    "internal/gen",
    "internal/language",
    "internal/language/compact",
    "internal/tag",
    "internal/utf8internal",
    "language",
    "runes",
    "transform",
    "unicode/cldr",
  ]
  pruneopts = "UT"
  revision = "342b2e1fbaa52c93f31447ad2c6abc048c63e475"
  version = "v0.3.2"

[[projects]]
  digest = "1:15bbb120d95283019f8891f2762fab3e735075b2cf9b378497277d2fe6c4abca"
  name = "google.golang.org/appengine"
  packages = [
    "internal",
    "internal/base",
    "internal/datastore",
    "internal/log",
    "internal/remote_api",
    "internal/urlfetch",
    "urlfetch",
  ]
  pruneopts = "UT"
  revision = "553959209a20f3be281c16dd5be5c740a893978f"
  version = "v1.6.6"

[[projects]]
  digest = "1:f1865c7b6c5f85632ff40fd729aa3393e66a2db3de74d43ab7c594be7e9bfe25"
  name = "google.golang.org/protobuf"
  packages = [
    "encoding/prototext",
    "encoding/protowire",
    "internal/descfmt",
    "internal/descopts",
    "internal/detrand",
    "internal/encoding/defval",
    "internal/encoding/messageset",
    "internal/encoding/tag",
    "internal/encoding/text",
    "internal/errors",
    "internal/fieldnum",
    "internal/fieldsort",
    "internal/filedesc",
    "internal/filetype",
    "internal/flags",
    "internal/genname",
    "internal/impl",
    "internal/mapsort",
    "internal/pragma",
    "internal/set",
    "internal/strs",
    "internal/version",
    "proto",
    "reflect/protoreflect",
    "reflect/protoregistry",
    "runtime/protoiface",
    "runtime/protoimpl",
  ]
  pruneopts = "UT"
  revision = "3b9eee12916ce611400f93d6c2fed2fc2911b0ad"
  version = "v1.21.0"

[solve-meta]
  analyzer-name = "dep"
  analyzer-version = 1
  input-imports = [
    "github.com/mmcdole/gofeed",
    "github.com/turnage/graw/reddit",
  ]
  solver-name = "gps-cdcl"
  solver-version = 1
